
Microsoft Visual Studio Solution File, Format Version 12.00
# Visual Studio Version 16
VisualStudioVersion = 16.0.30011.22
MinimumVisualStudioVersion = 10.0.40219.1
Project("{FAE04EC0-301F-11D3-BF4B-00C04F79EFBC}") = "MyVet.Common", "MyVet.Common\MyVet.Common.csproj", "{AFA186C7-5F3E-42EC-A81D-852EF04FBA8C}"
EndProject
Project("{FAE04EC0-301F-11D3-BF4B-00C04F79EFBC}") = "MyVet.Web", "MyVet.Web\MyVet.Web.csproj", "{A5CD5083-FA28-430D-A88C-2343C7A6F97F}"
EndProject
Global
	GlobalSection(SolutionConfigurationPlatforms) = preSolution
		Debug|Any CPU = Debug|Any CPU
		Release|Any CPU = Release|Any CPU
	EndGlobalSection
	GlobalSection(ProjectConfigurationPlatforms) = postSolution
		{AFA186C7-5F3E-42EC-A81D-852EF04FBA8C}.Debug|Any CPU.ActiveCfg = Debug|Any CPU
		{AFA186C7-5F3E-42EC-A81D-852EF04FBA8C}.Debug|Any CPU.Build.0 = Debug|Any CPU
		{AFA186C7-5F3E-42EC-A81D-852EF04FBA8C}.Release|Any CPU.ActiveCfg = Release|Any CPU
		{AFA186C7-5F3E-42EC-A81D-852EF04FBA8C}.Release|Any CPU.Build.0 = Release|Any CPU
		{A5CD5083-FA28-430D-A88C-2343C7A6F97F}.Debug|Any CPU.ActiveCfg = Debug|Any CPU
		{A5CD5083-FA28-430D-A88C-2343C7A6F97F}.Debug|Any CPU.Build.0 = Debug|Any CPU
		{A5CD5083-FA28-430D-A88C-2343C7A6F97F}.Release|Any CPU.ActiveCfg = Release|Any CPU
		{A5CD5083-FA28-430D-A88C-2343C7A6F97F}.Release|Any CPU.Build.0 = Release|Any CPU
	EndGlobalSection
	GlobalSection(SolutionProperties) = preSolution
		HideSolutionNode = FALSE
	EndGlobalSection
	GlobalSection(ExtensibilityGlobals) = postSolution
		SolutionGuid = {026E5A6B-5050-4AA1-8512-47022A64A9CC}
	EndGlobalSection
EndGlobal
